// !$*UTF8*$!
{
	archiveVersion = 1;
	classes = {
	};
	objectVersion = 56;
	objects = {

/* Begin PBXBuildFile section */
		048236B92D05B32100A44DBD /* AppDelegate.swift in Sources */ = {isa = PBXBuildFile; fileRef = 048236B82D05B32100A44DBD /* AppDelegate.swift */; };
		048236BB2D05B32100A44DBD /* SceneDelegate.swift in Sources */ = {isa = PBXBuildFile; fileRef = 048236BA2D05B32100A44DBD /* SceneDelegate.swift */; };
		048236BD2D05B32100A44DBD /* ViewController.swift in Sources */ = {isa = PBXBuildFile; fileRef = 048236BC2D05B32100A44DBD /* ViewController.swift */; };
		048236C02D05B32100A44DBD /* Base in Resources */ = {isa = PBXBuildFile; fileRef = 048236BF2D05B32100A44DBD /* Base */; };
		048236C22D05B32300A44DBD /* Assets.xcassets in Resources */ = {isa = PBXBuildFile; fileRef = 048236C12D05B32300A44DBD /* Assets.xcassets */; };
		048236C52D05B32300A44DBD /* Base in Resources */ = {isa = PBXBuildFile; fileRef = 048236C42D05B32300A44DBD /* Base */; };
		048236D02D05B32300A44DBD /* DispatchGroupTestTests.swift in Sources */ = {isa = PBXBuildFile; fileRef = 048236CF2D05B32300A44DBD /* DispatchGroupTestTests.swift */; };
		048236DA2D05B32300A44DBD /* DispatchGroupTestUITests.swift in Sources */ = {isa = PBXBuildFile; fileRef = 048236D92D05B32300A44DBD /* DispatchGroupTestUITests.swift */; };
		048236DC2D05B32300A44DBD /* DispatchGroupTestUITestsLaunchTests.swift in Sources */ = {isa = PBXBuildFile; fileRef = 048236DB2D05B32300A44DBD /* DispatchGroupTestUITestsLaunchTests.swift */; };
/* End PBXBuildFile section */

/* Begin PBXContainerItemProxy section */
		048236CC2D05B32300A44DBD /* PBXContainerItemProxy */ = {
			isa = PBXContainerItemProxy;
			containerPortal = 048236AD2D05B32100A44DBD /* Project object */;
			proxyType = 1;
			remoteGlobalIDString = 048236B42D05B32100A44DBD;
			remoteInfo = DispatchGroupTest;
		};
		048236D62D05B32300A44DBD /* PBXContainerItemProxy */ = {
			isa = PBXContainerItemProxy;
			containerPortal = 048236AD2D05B32100A44DBD /* Project object */;
			proxyType = 1;
			remoteGlobalIDString = 048236B42D05B32100A44DBD;
			remoteInfo = DispatchGroupTest;
		};
/* End PBXContainerItemProxy section */

/* Begin PBXFileReference section */
		048236B52D05B32100A44DBD /* DispatchGroupTest.app */ = {isa = PBXFileReference; explicitFileType = wrapper.application; includeInIndex = 0; path = DispatchGroupTest.app; sourceTree = BUILT_PRODUCTS_DIR; };
		048236B82D05B32100A44DBD /* AppDelegate.swift */ = {isa = PBXFileReference; lastKnownFileType = sourcecode.swift; path = AppDelegate.swift; sourceTree = "<group>"; };
		048236BA2D05B32100A44DBD /* SceneDelegate.swift */ = {isa = PBXFileReference; lastKnownFileType = sourcecode.swift; path = SceneDelegate.swift; sourceTree = "<group>"; };
		048236BC2D05B32100A44DBD /* ViewController.swift */ = {isa = PBXFileReference; lastKnownFileType = sourcecode.swift; path = ViewController.swift; sourceTree = "<group>"; };
		048236BF2D05B32100A44DBD /* Base */ = {isa = PBXFileReference; lastKnownFileType = file.storyboard; name = Base; path = Base.lproj/Main.storyboard; sourceTree = "<group>"; };
		048236C12D05B32300A44DBD /* Assets.xcassets */ = {isa = PBXFileReference; lastKnownFileType = folder.assetcatalog; path = Assets.xcassets; sourceTree = "<group>"; };
		048236C42D05B32300A44DBD /* Base */ = {isa = PBXFileReference; lastKnownFileType = file.storyboard; name = Base; path = Base.lproj/LaunchScreen.storyboard; sourceTree = "<group>"; };
		048236C62D05B32300A44DBD /* Info.plist */ = {isa = PBXFileReference; lastKnownFileType = text.plist.xml; path = Info.plist; sourceTree = "<group>"; };
		048236CB2D05B32300A44DBD /* DispatchGroupTestTests.xctest */ = {isa = PBXFileReference; explicitFileType = wrapper.cfbundle; includeInIndex = 0; path = DispatchGroupTestTests.xctest; sourceTree = BUILT_PRODUCTS_DIR; };
		048236CF2D05B32300A44DBD /* DispatchGroupTestTests.swift */ = {isa = PBXFileReference; lastKnownFileType = sourcecode.swift; path = DispatchGroupTestTests.swift; sourceTree = "<group>"; };
		048236D52D05B32300A44DBD /* DispatchGroupTestUITests.xctest */ = {isa = PBXFileReference; explicitFileType = wrapper.cfbundle; includeInIndex = 0; path = DispatchGroupTestUITests.xctest; sourceTree = BUILT_PRODUCTS_DIR; };
		048236D92D05B32300A44DBD /* DispatchGroupTestUITests.swift */ = {isa = PBXFileReference; lastKnownFileType = sourcecode.swift; path = DispatchGroupTestUITests.swift; sourceTree = "<group>"; };
		048236DB2D05B32300A44DBD /* DispatchGroupTestUITestsLaunchTests.swift */ = {isa = PBXFileReference; lastKnownFileType = sourcecode.swift; path = DispatchGroupTestUITestsLaunchTests.swift; sourceTree = "<group>"; };
/* End PBXFileReference section */

/* Begin PBXFrameworksBuildPhase section */
		048236B22D05B32100A44DBD /* Frameworks */ = {
			isa = PBXFrameworksBuildPhase;
			buildActionMask = 2147483647;
			files = (
			);
			runOnlyForDeploymentPostprocessing = 0;
		};
		048236C82D05B32300A44DBD /* Frameworks */ = {
			isa = PBXFrameworksBuildPhase;
			buildActionMask = 2147483647;
			files = (
			);
			runOnlyForDeploymentPostprocessing = 0;
		};
		048236D22D05B32300A44DBD /* Frameworks */ = {
			isa = PBXFrameworksBuildPhase;
			buildActionMask = 2147483647;
			files = (
			);
			runOnlyForDeploymentPostprocessing = 0;
		};
/* End PBXFrameworksBuildPhase section */

/* Begin PBXGroup section */
		048236AC2D05B32100A44DBD = {
			isa = PBXGroup;
			children = (
				048236B72D05B32100A44DBD /* DispatchGroupTest */,
				048236CE2D05B32300A44DBD /* DispatchGroupTestTests */,
				048236D82D05B32300A44DBD /* DispatchGroupTestUITests */,
				048236B62D05B32100A44DBD /* Products */,
			);
			sourceTree = "<group>";
		};
		048236B62D05B32100A44DBD /* Products */ = {
			isa = PBXGroup;
			children = (
				048236B52D05B32100A44DBD /* DispatchGroupTest.app */,
				048236CB2D05B32300A44DBD /* DispatchGroupTestTests.xctest */,
				048236D52D05B32300A44DBD /* DispatchGroupTestUITests.xctest */,
			);
			name = Products;
			sourceTree = "<group>";
		};
		048236B72D05B32100A44DBD /* DispatchGroupTest */ = {
			isa = PBXGroup;
			children = (
				048236B82D05B32100A44DBD /* AppDelegate.swift */,
				048236BA2D05B32100A44DBD /* SceneDelegate.swift */,
				048236BC2D05B32100A44DBD /* ViewController.swift */,
				048236BE2D05B32100A44DBD /* Main.storyboard */,
				048236C12D05B32300A44DBD /* Assets.xcassets */,
				048236C32D05B32300A44DBD /* LaunchScreen.storyboard */,
				048236C62D05B32300A44DBD /* Info.plist */,
			);
			path = DispatchGroupTest;
			sourceTree = "<group>";
		};
		048236CE2D05B32300A44DBD /* DispatchGroupTestTests */ = {
			isa = PBXGroup;
			children = (
				048236CF2D05B32300A44DBD /* DispatchGroupTestTests.swift */,
			);
			path = DispatchGroupTestTests;
			sourceTree = "<group>";
		};
		048236D82D05B32300A44DBD /* DispatchGroupTestUITests */ = {
			isa = PBXGroup;
			children = (
				048236D92D05B32300A44DBD /* DispatchGroupTestUITests.swift */,
				048236DB2D05B32300A44DBD /* DispatchGroupTestUITestsLaunchTests.swift */,
			);
			path = DispatchGroupTestUITests;
			sourceTree = "<group>";
		};
/* End PBXGroup section */

/* Begin PBXNativeTarget section */
		048236B42D05B32100A44DBD /* DispatchGroupTest */ = {
			isa = PBXNativeTarget;
			buildConfigurationList = 048236DF2D05B32300A44DBD /* Build configuration list for PBXNativeTarget "DispatchGroupTest" */;
			buildPhases = (
				048236B12D05B32100A44DBD /* Sources */,
				048236B22D05B32100A44DBD /* Frameworks */,
				048236B32D05B32100A44DBD /* Resources */,
			);
			buildRules = (
			);
			dependencies = (
			);
			name = DispatchGroupTest;
			productName = DispatchGroupTest;
			productReference = 048236B52D05B32100A44DBD /* DispatchGroupTest.app */;
			productType = "com.apple.product-type.application";
		};
		048236CA2D05B32300A44DBD /* DispatchGroupTestTests */ = {
			isa = PBXNativeTarget;
			buildConfigurationList = 048236E22D05B32300A44DBD /* Build configuration list for PBXNativeTarget "DispatchGroupTestTests" */;
			buildPhases = (
				048236C72D05B32300A44DBD /* Sources */,
				048236C82D05B32300A44DBD /* Frameworks */,
				048236C92D05B32300A44DBD /* Resources */,
			);
			buildRules = (
			);
			dependencies = (
				048236CD2D05B32300A44DBD /* PBXTargetDependency */,
			);
			name = DispatchGroupTestTests;
			productName = DispatchGroupTestTests;
			productReference = 048236CB2D05B32300A44DBD /* DispatchGroupTestTests.xctest */;
			productType = "com.apple.product-type.bundle.unit-test";
		};
		048236D42D05B32300A44DBD /* DispatchGroupTestUITests */ = {
			isa = PBXNativeTarget;
			buildConfigurationList = 048236E52D05B32300A44DBD /* Build configuration list for PBXNativeTarget "DispatchGroupTestUITests" */;
			buildPhases = (
				048236D12D05B32300A44DBD /* Sources */,
				048236D22D05B32300A44DBD /* Frameworks */,
				048236D32D05B32300A44DBD /* Resources */,
			);
			buildRules = (
			);
			dependencies = (
				048236D72D05B32300A44DBD /* PBXTargetDependency */,
			);
			name = DispatchGroupTestUITests;
			productName = DispatchGroupTestUITests;
			productReference = 048236D52D05B32300A44DBD /* DispatchGroupTestUITests.xctest */;
			productType = "com.apple.product-type.bundle.ui-testing";
		};
/* End PBXNativeTarget section */

/* Begin PBXProject section */
		048236AD2D05B32100A44DBD /* Project object */ = {
			isa = PBXProject;
			attributes = {
				BuildIndependentTargetsInParallel = 1;
				LastSwiftUpdateCheck = 1600;
				LastUpgradeCheck = 1600;
				TargetAttributes = {
					048236B42D05B32100A44DBD = {
						CreatedOnToolsVersion = 16.0;
					};
					048236CA2D05B32300A44DBD = {
						CreatedOnToolsVersion = 16.0;
						TestTargetID = 048236B42D05B32100A44DBD;
					};
					048236D42D05B32300A44DBD = {
						CreatedOnToolsVersion = 16.0;
						TestTargetID = 048236B42D05B32100A44DBD;
					};
				};
			};
			buildConfigurationList = 048236B02D05B32100A44DBD /* Build configuration list for PBXProject "DispatchGroupTest" */;
			compatibilityVersion = "Xcode 14.0";
			developmentRegion = en;
			hasScannedForEncodings = 0;
			knownRegions = (
				en,
				Base,
			);
			mainGroup = 048236AC2D05B32100A44DBD;
			productRefGroup = 048236B62D05B32100A44DBD /* Products */;
			projectDirPath = "";
			projectRoot = "";
			targets = (
				048236B42D05B32100A44DBD /* DispatchGroupTest */,
				048236CA2D05B32300A44DBD /* DispatchGroupTestTests */,
				048236D42D05B32300A44DBD /* DispatchGroupTestUITests */,
			);
		};
/* End PBXProject section */

/* Begin PBXResourcesBuildPhase section */
		048236B32D05B32100A44DBD /* Resources */ = {
			isa = PBXResourcesBuildPhase;
			buildActionMask = 2147483647;
			files = (
				048236C22D05B32300A44DBD /* Assets.xcassets in Resources */,
				048236C52D05B32300A44DBD /* Base in Resources */,
				048236C02D05B32100A44DBD /* Base in Resources */,
			);
			runOnlyForDeploymentPostprocessing = 0;
		};
		048236C92D05B32300A44DBD /* Resources */ = {
			isa = PBXResourcesBuildPhase;
			buildActionMask = 2147483647;
			files = (
			);
			runOnlyForDeploymentPostprocessing = 0;
		};
		048236D32D05B32300A44DBD /* Resources */ = {
			isa = PBXResourcesBuildPhase;
			buildActionMask = 2147483647;
			files = (
			);
			runOnlyForDeploymentPostprocessing = 0;
		};
/* End PBXResourcesBuildPhase section */

/* Begin PBXSourcesBuildPhase section */
		048236B12D05B32100A44DBD /* Sources */ = {
			isa = PBXSourcesBuildPhase;
			buildActionMask = 2147483647;
			files = (
				048236BD2D05B32100A44DBD /* ViewController.swift in Sources */,
				048236B92D05B32100A44DBD /* AppDelegate.swift in Sources */,
				048236BB2D05B32100A44DBD /* SceneDelegate.swift in Sources */,
			);
			runOnlyForDeploymentPostprocessing = 0;
		};
		048236C72D05B32300A44DBD /* Sources */ = {
			isa = PBXSourcesBuildPhase;
			buildActionMask = 2147483647;
			files = (
				048236D02D05B32300A44DBD /* DispatchGroupTestTests.swift in Sources */,
			);
			runOnlyForDeploymentPostprocessing = 0;
		};
		048236D12D05B32300A44DBD /* Sources */ = {
			isa = PBXSourcesBuildPhase;
			buildActionMask = 2147483647;
			files = (
				048236DC2D05B32300A44DBD /* DispatchGroupTestUITestsLaunchTests.swift in Sources */,
				048236DA2D05B32300A44DBD /* DispatchGroupTestUITests.swift in Sources */,
			);
			runOnlyForDeploymentPostprocessing = 0;
		};
/* End PBXSourcesBuildPhase section */

/* Begin PBXTargetDependency section */
		048236CD2D05B32300A44DBD /* PBXTargetDependency */ = {
			isa = PBXTargetDependency;
			target = 048236B42D05B32100A44DBD /* DispatchGroupTest */;
			targetProxy = 048236CC2D05B32300A44DBD /* PBXContainerItemProxy */;
		};
		048236D72D05B32300A44DBD /* PBXTargetDependency */ = {
			isa = PBXTargetDependency;
			target = 048236B42D05B32100A44DBD /* DispatchGroupTest */;
			targetProxy = 048236D62D05B32300A44DBD /* PBXContainerItemProxy */;
		};
/* End PBXTargetDependency section */

/* Begin PBXVariantGroup section */
		048236BE2D05B32100A44DBD /* Main.storyboard */ = {
			isa = PBXVariantGroup;
			children = (
				048236BF2D05B32100A44DBD /* Base */,
			);
			name = Main.storyboard;
			sourceTree = "<group>";
		};
		048236C32D05B32300A44DBD /* LaunchScreen.storyboard */ = {
			isa = PBXVariantGroup;
			children = (
				048236C42D05B32300A44DBD /* Base */,
			);
			name = LaunchScreen.storyboard;
			sourceTree = "<group>";
		};
/* End PBXVariantGroup section */

/* Begin XCBuildConfiguration section */
		048236DD2D05B32300A44DBD /* Debug */ = {
			isa = XCBuildConfiguration;
			buildSettings = {
				ALWAYS_SEARCH_USER_PATHS = NO;
				ASSETCATALOG_COMPILER_GENERATE_SWIFT_ASSET_SYMBOL_EXTENSIONS = YES;
				CLANG_ANALYZER_NONNULL = YES;
				CLANG_ANALYZER_NUMBER_OBJECT_CONVERSION = YES_AGGRESSIVE;
				CLANG_CXX_LANGUAGE_STANDARD = "gnu++20";
				CLANG_ENABLE_MODULES = YES;
				CLANG_ENABLE_OBJC_ARC = YES;
				CLANG_ENABLE_OBJC_WEAK = YES;
				CLANG_WARN_BLOCK_CAPTURE_AUTORELEASING = YES;
				CLANG_WARN_BOOL_CONVERSION = YES;
				CLANG_WARN_COMMA = YES;
				CLANG_WARN_CONSTANT_CONVERSION = YES;
				CLANG_WARN_DEPRECATED_OBJC_IMPLEMENTATIONS = YES;
				CLANG_WARN_DIRECT_OBJC_ISA_USAGE = YES_ERROR;
				CLANG_WARN_DOCUMENTATION_COMMENTS = YES;
				CLANG_WARN_EMPTY_BODY = YES;
				CLANG_WARN_ENUM_CONVERSION = YES;
				CLANG_WARN_INFINITE_RECURSION = YES;
				CLANG_WARN_INT_CONVERSION = YES;
				CLANG_WARN_NON_LITERAL_NULL_CONVERSION = YES;
				CLANG_WARN_OBJC_IMPLICIT_RETAIN_SELF = YES;
				CLANG_WARN_OBJC_LITERAL_CONVERSION = YES;
				CLANG_WARN_OBJC_ROOT_CLASS = YES_ERROR;
				CLANG_WARN_QUOTED_INCLUDE_IN_FRAMEWORK_HEADER = YES;
				CLANG_WARN_RANGE_LOOP_ANALYSIS = YES;
				CLANG_WARN_STRICT_PROTOTYPES = YES;
				CLANG_WARN_SUSPICIOUS_MOVE = YES;
				CLANG_WARN_UNGUARDED_AVAILABILITY = YES_AGGRESSIVE;
				CLANG_WARN_UNREACHABLE_CODE = YES;
				CLANG_WARN__DUPLICATE_METHOD_MATCH = YES;
				COPY_PHASE_STRIP = NO;
				DEBUG_INFORMATION_FORMAT = dwarf;
				ENABLE_STRICT_OBJC_MSGSEND = YES;
				ENABLE_TESTABILITY = YES;
				ENABLE_USER_SCRIPT_SANDBOXING = YES;
				GCC_C_LANGUAGE_STANDARD = gnu17;
				GCC_DYNAMIC_NO_PIC = NO;
				GCC_NO_COMMON_BLOCKS = YES;
				GCC_OPTIMIZATION_LEVEL = 0;
				GCC_PREPROCESSOR_DEFINITIONS = (
					"DEBUG=1",
					"$(inherited)",
				);
				GCC_WARN_64_TO_32_BIT_CONVERSION = YES;
				GCC_WARN_ABOUT_RETURN_TYPE = YES_ERROR;
				GCC_WARN_UNDECLARED_SELECTOR = YES;
				GCC_WARN_UNINITIALIZED_AUTOS = YES_AGGRESSIVE;
				GCC_WARN_UNUSED_FUNCTION = YES;
				GCC_WARN_UNUSED_VARIABLE = YES;
				IPHONEOS_DEPLOYMENT_TARGET = 17.5;
				LOCALIZATION_PREFERS_STRING_CATALOGS = YES;
				MTL_ENABLE_DEBUG_INFO = INCLUDE_SOURCE;
				MTL_FAST_MATH = YES;
				ONLY_ACTIVE_ARCH = YES;
				SDKROOT = iphoneos;
				SWIFT_ACTIVE_COMPILATION_CONDITIONS = "DEBUG $(inherited)";
				SWIFT_OPTIMIZATION_LEVEL = "-Onone";
			};
			name = Debug;
		};
		048236DE2D05B32300A44DBD /* Release */ = {
			isa = XCBuildConfiguration;
			buildSettings = {
				ALWAYS_SEARCH_USER_PATHS = NO;
				ASSETCATALOG_COMPILER_GENERATE_SWIFT_ASSET_SYMBOL_EXTENSIONS = YES;
				CLANG_ANALYZER_NONNULL = YES;
				CLANG_ANALYZER_NUMBER_OBJECT_CONVERSION = YES_AGGRESSIVE;
				CLANG_CXX_LANGUAGE_STANDARD = "gnu++20";
				CLANG_ENABLE_MODULES = YES;
				CLANG_ENABLE_OBJC_ARC = YES;
				CLANG_ENABLE_OBJC_WEAK = YES;
				CLANG_WARN_BLOCK_CAPTURE_AUTORELEASING = YES;
				CLANG_WARN_BOOL_CONVERSION = YES;
				CLANG_WARN_COMMA = YES;
				CLANG_WARN_CONSTANT_CONVERSION = YES;
				CLANG_WARN_DEPRECATED_OBJC_IMPLEMENTATIONS = YES;
				CLANG_WARN_DIRECT_OBJC_ISA_USAGE = YES_ERROR;
				CLANG_WARN_DOCUMENTATION_COMMENTS = YES;
				CLANG_WARN_EMPTY_BODY = YES;
				CLANG_WARN_ENUM_CONVERSION = YES;
				CLANG_WARN_INFINITE_RECURSION = YES;
				CLANG_WARN_INT_CONVERSION = YES;
				CLANG_WARN_NON_LITERAL_NULL_CONVERSION = YES;
				CLANG_WARN_OBJC_IMPLICIT_RETAIN_SELF = YES;
				CLANG_WARN_OBJC_LITERAL_CONVERSION = YES;
				CLANG_WARN_OBJC_ROOT_CLASS = YES_ERROR;
				CLANG_WARN_QUOTED_INCLUDE_IN_FRAMEWORK_HEADER = YES;
				CLANG_WARN_RANGE_LOOP_ANALYSIS = YES;
				CLANG_WARN_STRICT_PROTOTYPES = YES;
				CLANG_WARN_SUSPICIOUS_MOVE = YES;
				CLANG_WARN_UNGUARDED_AVAILABILITY = YES_AGGRESSIVE;
				CLANG_WARN_UNREACHABLE_CODE = YES;
				CLANG_WARN__DUPLICATE_METHOD_MATCH = YES;
				COPY_PHASE_STRIP = NO;
				DEBUG_INFORMATION_FORMAT = "dwarf-with-dsym";
				ENABLE_NS_ASSERTIONS = NO;
				ENABLE_STRICT_OBJC_MSGSEND = YES;
				ENABLE_USER_SCRIPT_SANDBOXING = YES;
				GCC_C_LANGUAGE_STANDARD = gnu17;
				GCC_NO_COMMON_BLOCKS = YES;
				GCC_WARN_64_TO_32_BIT_CONVERSION = YES;
				GCC_WARN_ABOUT_RETURN_TYPE = YES_ERROR;
				GCC_WARN_UNDECLARED_SELECTOR = YES;
				GCC_WARN_UNINITIALIZED_AUTOS = YES_AGGRESSIVE;
				GCC_WARN_UNUSED_FUNCTION = YES;
				GCC_WARN_UNUSED_VARIABLE = YES;
				IPHONEOS_DEPLOYMENT_TARGET = 17.5;
				LOCALIZATION_PREFERS_STRING_CATALOGS = YES;
				MTL_ENABLE_DEBUG_INFO = NO;
				MTL_FAST_MATH = YES;
				SDKROOT = iphoneos;
				SWIFT_COMPILATION_MODE = wholemodule;
				VALIDATE_PRODUCT = YES;
			};
			name = Release;
		};
		048236E02D05B32300A44DBD /* Debug */ = {
			isa = XCBuildConfiguration;
			buildSettings = {
				ASSETCATALOG_COMPILER_APPICON_NAME = AppIcon;
				ASSETCATALOG_COMPILER_GLOBAL_ACCENT_COLOR_NAME = AccentColor;
				CODE_SIGN_STYLE = Automatic;
				CURRENT_PROJECT_VERSION = 1;
				DEVELOPMENT_TEAM = 438AN8N48P;
				GENERATE_INFOPLIST_FILE = YES;
				INFOPLIST_FILE = DispatchGroupTest/Info.plist;
				INFOPLIST_KEY_UIApplicationSupportsIndirectInputEvents = YES;
				INFOPLIST_KEY_UILaunchStoryboardName = LaunchScreen;
				INFOPLIST_KEY_UIMainStoryboardFile = Main;
				INFOPLIST_KEY_UISupportedInterfaceOrientations_iPad = "UIInterfaceOrientationPortrait UIInterfaceOrientationPortraitUpsideDown UIInterfaceOrientationLandscapeLeft UIInterfaceOrientationLandscapeRight";
				INFOPLIST_KEY_UISupportedInterfaceOrientations_iPhone = "UIInterfaceOrientationPortrait UIInterfaceOrientationLandscapeLeft UIInterfaceOrientationLandscapeRight";
				LD_RUNPATH_SEARCH_PATHS = (
					"$(inherited)",
					"@executable_path/Frameworks",
				);
				MARKETING_VERSION = 1.0;
				PRODUCT_BUNDLE_IDENTIFIER = com.sogou.DispatchGroupTest;
				PRODUCT_NAME = "$(TARGET_NAME)";
				SWIFT_EMIT_LOC_STRINGS = YES;
				SWIFT_VERSION = 5.0;
				TARGETED_DEVICE_FAMILY = "1,2";
			};
			name = Debug;
		};
		048236E12D05B32300A44DBD /* Release */ = {
			isa = XCBuildConfiguration;
			buildSettings = {
				ASSETCATALOG_COMPILER_APPICON_NAME = AppIcon;
				ASSETCATALOG_COMPILER_GLOBAL_ACCENT_COLOR_NAME = AccentColor;
				CODE_SIGN_STYLE = Automatic;
				CURRENT_PROJECT_VERSION = 1;
				DEVELOPMENT_TEAM = 438AN8N48P;
				GENERATE_INFOPLIST_FILE = YES;
				INFOPLIST_FILE = DispatchGroupTest/Info.plist;
				INFOPLIST_KEY_UIApplicationSupportsIndirectInputEvents = YES;
				INFOPLIST_KEY_UILaunchStoryboardName = LaunchScreen;
				INFOPLIST_KEY_UIMainStoryboardFile = Main;
				INFOPLIST_KEY_UISupportedInterfaceOrientations_iPad = "UIInterfaceOrientationPortrait UIInterfaceOrientationPortraitUpsideDown UIInterfaceOrientationLandscapeLeft UIInterfaceOrientationLandscapeRight";
				INFOPLIST_KEY_UISupportedInterfaceOrientations_iPhone = "UIInterfaceOrientationPortrait UIInterfaceOrientationLandscapeLeft UIInterfaceOrientationLandscapeRight";
				LD_RUNPATH_SEARCH_PATHS = (
					"$(inherited)",
					"@executable_path/Frameworks",
				);
				MARKETING_VERSION = 1.0;
				PRODUCT_BUNDLE_IDENTIFIER = com.sogou.DispatchGroupTest;
				PRODUCT_NAME = "$(TARGET_NAME)";
				SWIFT_EMIT_LOC_STRINGS = YES;
				SWIFT_VERSION = 5.0;
				TARGETED_DEVICE_FAMILY = "1,2";
			};
			name = Release;
		};
		048236E32D05B32300A44DBD /* Debug */ = {
			isa = XCBuildConfiguration;
			buildSettings = {
				ALWAYS_EMBED_SWIFT_STANDARD_LIBRARIES = YES;
				BUNDLE_LOADER = "$(TEST_HOST)";
				CODE_SIGN_STYLE = Automatic;
				CURRENT_PROJECT_VERSION = 1;
				DEVELOPMENT_TEAM = 438AN8N48P;
				GENERATE_INFOPLIST_FILE = YES;
				IPHONEOS_DEPLOYMENT_TARGET = 17.5;
				MARKETING_VERSION = 1.0;
				PRODUCT_BUNDLE_IDENTIFIER = com.sogou.DispatchGroupTestTests;
				PRODUCT_NAME = "$(TARGET_NAME)";
				SWIFT_EMIT_LOC_STRINGS = NO;
				SWIFT_VERSION = 5.0;
				TARGETED_DEVICE_FAMILY = "1,2";
				TEST_HOST = "$(BUILT_PRODUCTS_DIR)/DispatchGroupTest.app/$(BUNDLE_EXECUTABLE_FOLDER_PATH)/DispatchGroupTest";
			};
			name = Debug;
		};
		048236E42D05B32300A44DBD /* Release */ = {
			isa = XCBuildConfiguration;
			buildSettings = {
				ALWAYS_EMBED_SWIFT_STANDARD_LIBRARIES = YES;
				BUNDLE_LOADER = "$(TEST_HOST)";
				CODE_SIGN_STYLE = Automatic;
				CURRENT_PROJECT_VERSION = 1;
				DEVELOPMENT_TEAM = 438AN8N48P;
				GENERATE_INFOPLIST_FILE = YES;
				IPHONEOS_DEPLOYMENT_TARGET = 17.5;
				MARKETING_VERSION = 1.0;
				PRODUCT_BUNDLE_IDENTIFIER = com.sogou.DispatchGroupTestTests;
				PRODUCT_NAME = "$(TARGET_NAME)";
				SWIFT_EMIT_LOC_STRINGS = NO;
				SWIFT_VERSION = 5.0;
				TARGETED_DEVICE_FAMILY = "1,2";
				TEST_HOST = "$(BUILT_PRODUCTS_DIR)/DispatchGroupTest.app/$(BUNDLE_EXECUTABLE_FOLDER_PATH)/DispatchGroupTest";
			};
			name = Release;
		};
		048236E62D05B32300A44DBD /* Debug */ = {
			isa = XCBuildConfiguration;
			buildSettings = {
				ALWAYS_EMBED_SWIFT_STANDARD_LIBRARIES = YES;
				CODE_SIGN_STYLE = Automatic;
				CURRENT_PROJECT_VERSION = 1;
				DEVELOPMENT_TEAM = 438AN8N48P;
				GENERATE_INFOPLIST_FILE = YES;
				MARKETING_VERSION = 1.0;
				PRODUCT_BUNDLE_IDENTIFIER = com.sogou.DispatchGroupTestUITests;
				PRODUCT_NAME = "$(TARGET_NAME)";
				SWIFT_EMIT_LOC_STRINGS = NO;
				SWIFT_VERSION = 5.0;
				TARGETED_DEVICE_FAMILY = "1,2";
				TEST_TARGET_NAME = DispatchGroupTest;
			};
			name = Debug;
		};
		048236E72D05B32300A44DBD /* Release */ = {
			isa = XCBuildConfiguration;
			buildSettings = {
				ALWAYS_EMBED_SWIFT_STANDARD_LIBRARIES = YES;
				CODE_SIGN_STYLE = Automatic;
				CURRENT_PROJECT_VERSION = 1;
				DEVELOPMENT_TEAM = 438AN8N48P;
				GENERATE_INFOPLIST_FILE = YES;
				MARKETING_VERSION = 1.0;
				PRODUCT_BUNDLE_IDENTIFIER = com.sogou.DispatchGroupTestUITests;
				PRODUCT_NAME = "$(TARGET_NAME)";
				SWIFT_EMIT_LOC_STRINGS = NO;
				SWIFT_VERSION = 5.0;
				TARGETED_DEVICE_FAMILY = "1,2";
				TEST_TARGET_NAME = DispatchGroupTest;
			};
			name = Release;
		};
/* End XCBuildConfiguration section */

/* Begin XCConfigurationList section */
		048236B02D05B32100A44DBD /* Build configuration list for PBXProject "DispatchGroupTest" */ = {
			isa = XCConfigurationList;
			buildConfigurations = (
				048236DD2D05B32300A44DBD /* Debug */,
				048236DE2D05B32300A44DBD /* Release */,
			);
			defaultConfigurationIsVisible = 0;
			defaultConfigurationName = Release;
		};
		048236DF2D05B32300A44DBD /* Build configuration list for PBXNativeTarget "DispatchGroupTest" */ = {
			isa = XCConfigurationList;
			buildConfigurations = (
				048236E02D05B32300A44DBD /* Debug */,
				048236E12D05B32300A44DBD /* Release */,
			);
			defaultConfigurationIsVisible = 0;
			defaultConfigurationName = Release;
		};
		048236E22D05B32300A44DBD /* Build configuration list for PBXNativeTarget "DispatchGroupTestTests" */ = {
			isa = XCConfigurationList;
			buildConfigurations = (
				048236E32D05B32300A44DBD /* Debug */,
				048236E42D05B32300A44DBD /* Release */,
			);
			defaultConfigurationIsVisible = 0;
			defaultConfigurationName = Release;
		};
		048236E52D05B32300A44DBD /* Build configuration list for PBXNativeTarget "DispatchGroupTestUITests" */ = {
			isa = XCConfigurationList;
			buildConfigurations = (
				048236E62D05B32300A44DBD /* Debug */,
				048236E72D05B32300A44DBD /* Release */,
			);
			defaultConfigurationIsVisible = 0;
			defaultConfigurationName = Release;
		};
/* End XCConfigurationList section */
	};
	rootObject = 048236AD2D05B32100A44DBD /* Project object */;
}
