PODS:
  - YMHTTP (1.0.0):
    - YMHTTP/libcurl (= 1.0.0)
  - YMHTTP/libcurl (1.0.0)

DEPENDENCIES:
  - YMHTTP (~> 1.0)

SPEC REPOS:
  trunk:
    - YMHTTP

SPEC CHECKSUMS:
  YMHTTP: 4838cd90418e98a36a91f6b40be584abf9618987

PODFILE CHECKSUM: 5ab9492e6d059d659908153b3f519f6fa7d47c68

COCOAPODS: 1.15.2
