// !$*UTF8*$!
{
	archiveVersion = 1;
	classes = {
	};
	objectVersion = 56;
	objects = {

/* Begin PBXBuildFile section */
		492A6CC32C5E278F0062302D /* AppDelegate.swift in Sources */ = {isa = PBXBuildFile; fileRef = 492A6CC22C5E278F0062302D /* AppDelegate.swift */; };
		492A6CC52C5E278F0062302D /* SceneDelegate.swift in Sources */ = {isa = PBXBuildFile; fileRef = 492A6CC42C5E278F0062302D /* SceneDelegate.swift */; };
		492A6CC72C5E278F0062302D /* ViewController.swift in Sources */ = {isa = PBXBuildFile; fileRef = 492A6CC62C5E278F0062302D /* ViewController.swift */; };
		492A6CCA2C5E278F0062302D /* Base in Resources */ = {isa = PBXBuildFile; fileRef = 492A6CC92C5E278F0062302D /* Base */; };
		492A6CCC2C5E27930062302D /* Assets.xcassets in Resources */ = {isa = PBXBuildFile; fileRef = 492A6CCB2C5E27930062302D /* Assets.xcassets */; };
		492A6CCF2C5E27930062302D /* Base in Resources */ = {isa = PBXBuildFile; fileRef = 492A6CCE2C5E27930062302D /* Base */; };
		492A6CD72C5E3F250062302D /* SVGView.swift in Sources */ = {isa = PBXBuildFile; fileRef = 492A6CD62C5E3F250062302D /* SVGView.swift */; };
		4944722C2C5E503C00050C95 /* tiger.svg in Resources */ = {isa = PBXBuildFile; fileRef = 4944722A2C5E503C00050C95 /* tiger.svg */; };
		5FCE90625A01678224246232 /* Pods_MacawTest.framework in Frameworks */ = {isa = PBXBuildFile; fileRef = 2E68936DA7C80426B85A09E6 /* Pods_MacawTest.framework */; };
/* End PBXBuildFile section */

/* Begin PBXFileReference section */
		2E68936DA7C80426B85A09E6 /* Pods_MacawTest.framework */ = {isa = PBXFileReference; explicitFileType = wrapper.framework; includeInIndex = 0; path = Pods_MacawTest.framework; sourceTree = BUILT_PRODUCTS_DIR; };
		492A6CBF2C5E278F0062302D /* MacawTest.app */ = {isa = PBXFileReference; explicitFileType = wrapper.application; includeInIndex = 0; path = MacawTest.app; sourceTree = BUILT_PRODUCTS_DIR; };
		492A6CC22C5E278F0062302D /* AppDelegate.swift */ = {isa = PBXFileReference; lastKnownFileType = sourcecode.swift; path = AppDelegate.swift; sourceTree = "<group>"; };
		492A6CC42C5E278F0062302D /* SceneDelegate.swift */ = {isa = PBXFileReference; lastKnownFileType = sourcecode.swift; path = SceneDelegate.swift; sourceTree = "<group>"; };
		492A6CC62C5E278F0062302D /* ViewController.swift */ = {isa = PBXFileReference; lastKnownFileType = sourcecode.swift; path = ViewController.swift; sourceTree = "<group>"; };
		492A6CC92C5E278F0062302D /* Base */ = {isa = PBXFileReference; lastKnownFileType = file.storyboard; name = Base; path = Base.lproj/Main.storyboard; sourceTree = "<group>"; };
		492A6CCB2C5E27930062302D /* Assets.xcassets */ = {isa = PBXFileReference; lastKnownFileType = folder.assetcatalog; path = Assets.xcassets; sourceTree = "<group>"; };
		492A6CCE2C5E27930062302D /* Base */ = {isa = PBXFileReference; lastKnownFileType = file.storyboard; name = Base; path = Base.lproj/LaunchScreen.storyboard; sourceTree = "<group>"; };
		492A6CD02C5E27930062302D /* Info.plist */ = {isa = PBXFileReference; lastKnownFileType = text.plist.xml; path = Info.plist; sourceTree = "<group>"; };
		492A6CD62C5E3F250062302D /* SVGView.swift */ = {isa = PBXFileReference; lastKnownFileType = sourcecode.swift; path = SVGView.swift; sourceTree = "<group>"; };
		4944722A2C5E503C00050C95 /* tiger.svg */ = {isa = PBXFileReference; fileEncoding = 4; lastKnownFileType = text.xml; path = tiger.svg; sourceTree = "<group>"; };
		643537EB2EE61D9F61B0E705 /* Pods-MacawTest.release.xcconfig */ = {isa = PBXFileReference; includeInIndex = 1; lastKnownFileType = text.xcconfig; name = "Pods-MacawTest.release.xcconfig"; path = "Target Support Files/Pods-MacawTest/Pods-MacawTest.release.xcconfig"; sourceTree = "<group>"; };
		6AAB4799D21A502965172A7D /* Pods-MacawTest.debug.xcconfig */ = {isa = PBXFileReference; includeInIndex = 1; lastKnownFileType = text.xcconfig; name = "Pods-MacawTest.debug.xcconfig"; path = "Target Support Files/Pods-MacawTest/Pods-MacawTest.debug.xcconfig"; sourceTree = "<group>"; };
/* End PBXFileReference section */

/* Begin PBXFrameworksBuildPhase section */
		492A6CBC2C5E278F0062302D /* Frameworks */ = {
			isa = PBXFrameworksBuildPhase;
			buildActionMask = 2147483647;
			files = (
				5FCE90625A01678224246232 /* Pods_MacawTest.framework in Frameworks */,
			);
			runOnlyForDeploymentPostprocessing = 0;
		};
/* End PBXFrameworksBuildPhase section */

/* Begin PBXGroup section */
		492A6CB62C5E278F0062302D = {
			isa = PBXGroup;
			children = (
				492A6CC12C5E278F0062302D /* MacawTest */,
				492A6CC02C5E278F0062302D /* Products */,
				AA7464806772631B2863B570 /* Pods */,
				D346A528965632B475CDDB80 /* Frameworks */,
			);
			sourceTree = "<group>";
		};
		492A6CC02C5E278F0062302D /* Products */ = {
			isa = PBXGroup;
			children = (
				492A6CBF2C5E278F0062302D /* MacawTest.app */,
			);
			name = Products;
			sourceTree = "<group>";
		};
		492A6CC12C5E278F0062302D /* MacawTest */ = {
			isa = PBXGroup;
			children = (
				4944722B2C5E503C00050C95 /* SVGfile */,
				492A6CC22C5E278F0062302D /* AppDelegate.swift */,
				492A6CC42C5E278F0062302D /* SceneDelegate.swift */,
				492A6CC62C5E278F0062302D /* ViewController.swift */,
				492A6CC82C5E278F0062302D /* Main.storyboard */,
				492A6CCB2C5E27930062302D /* Assets.xcassets */,
				492A6CCD2C5E27930062302D /* LaunchScreen.storyboard */,
				492A6CD02C5E27930062302D /* Info.plist */,
				492A6CD62C5E3F250062302D /* SVGView.swift */,
			);
			path = MacawTest;
			sourceTree = "<group>";
		};
		4944722B2C5E503C00050C95 /* SVGfile */ = {
			isa = PBXGroup;
			children = (
				4944722A2C5E503C00050C95 /* tiger.svg */,
			);
			path = SVGfile;
			sourceTree = "<group>";
		};
		AA7464806772631B2863B570 /* Pods */ = {
			isa = PBXGroup;
			children = (
				6AAB4799D21A502965172A7D /* Pods-MacawTest.debug.xcconfig */,
				643537EB2EE61D9F61B0E705 /* Pods-MacawTest.release.xcconfig */,
			);
			path = Pods;
			sourceTree = "<group>";
		};
		D346A528965632B475CDDB80 /* Frameworks */ = {
			isa = PBXGroup;
			children = (
				2E68936DA7C80426B85A09E6 /* Pods_MacawTest.framework */,
			);
			name = Frameworks;
			sourceTree = "<group>";
		};
/* End PBXGroup section */

/* Begin PBXNativeTarget section */
		492A6CBE2C5E278F0062302D /* MacawTest */ = {
			isa = PBXNativeTarget;
			buildConfigurationList = 492A6CD32C5E27930062302D /* Build configuration list for PBXNativeTarget "MacawTest" */;
			buildPhases = (
				1B6E613CD841291DF8B2E50F /* [CP] Check Pods Manifest.lock */,
				492A6CBB2C5E278F0062302D /* Sources */,
				492A6CBC2C5E278F0062302D /* Frameworks */,
				492A6CBD2C5E278F0062302D /* Resources */,
				957EA8CEB439A51015D63A62 /* [CP] Embed Pods Frameworks */,
			);
			buildRules = (
			);
			dependencies = (
			);
			name = MacawTest;
			productName = MacawTest;
			productReference = 492A6CBF2C5E278F0062302D /* MacawTest.app */;
			productType = "com.apple.product-type.application";
		};
/* End PBXNativeTarget section */

/* Begin PBXProject section */
		492A6CB72C5E278F0062302D /* Project object */ = {
			isa = PBXProject;
			attributes = {
				BuildIndependentTargetsInParallel = 1;
				LastSwiftUpdateCheck = 1540;
				LastUpgradeCheck = 1540;
				TargetAttributes = {
					492A6CBE2C5E278F0062302D = {
						CreatedOnToolsVersion = 15.4;
					};
				};
			};
			buildConfigurationList = 492A6CBA2C5E278F0062302D /* Build configuration list for PBXProject "MacawTest" */;
			compatibilityVersion = "Xcode 14.0";
			developmentRegion = en;
			hasScannedForEncodings = 0;
			knownRegions = (
				en,
				Base,
			);
			mainGroup = 492A6CB62C5E278F0062302D;
			productRefGroup = 492A6CC02C5E278F0062302D /* Products */;
			projectDirPath = "";
			projectRoot = "";
			targets = (
				492A6CBE2C5E278F0062302D /* MacawTest */,
			);
		};
/* End PBXProject section */

/* Begin PBXResourcesBuildPhase section */
		492A6CBD2C5E278F0062302D /* Resources */ = {
			isa = PBXResourcesBuildPhase;
			buildActionMask = 2147483647;
			files = (
				492A6CCC2C5E27930062302D /* Assets.xcassets in Resources */,
				492A6CCF2C5E27930062302D /* Base in Resources */,
				4944722C2C5E503C00050C95 /* tiger.svg in Resources */,
				492A6CCA2C5E278F0062302D /* Base in Resources */,
			);
			runOnlyForDeploymentPostprocessing = 0;
		};
/* End PBXResourcesBuildPhase section */

/* Begin PBXShellScriptBuildPhase section */
		1B6E613CD841291DF8B2E50F /* [CP] Check Pods Manifest.lock */ = {
			isa = PBXShellScriptBuildPhase;
			buildActionMask = 2147483647;
			files = (
			);
			inputFileListPaths = (
			);
			inputPaths = (
				"${PODS_PODFILE_DIR_PATH}/Podfile.lock",
				"${PODS_ROOT}/Manifest.lock",
			);
			name = "[CP] Check Pods Manifest.lock";
			outputFileListPaths = (
			);
			outputPaths = (
				"$(DERIVED_FILE_DIR)/Pods-MacawTest-checkManifestLockResult.txt",
			);
			runOnlyForDeploymentPostprocessing = 0;
			shellPath = /bin/sh;
			shellScript = "diff \"${PODS_PODFILE_DIR_PATH}/Podfile.lock\" \"${PODS_ROOT}/Manifest.lock\" > /dev/null\nif [ $? != 0 ] ; then\n    # print error to STDERR\n    echo \"error: The sandbox is not in sync with the Podfile.lock. Run 'pod install' or update your CocoaPods installation.\" >&2\n    exit 1\nfi\n# This output is used by Xcode 'outputs' to avoid re-running this script phase.\necho \"SUCCESS\" > \"${SCRIPT_OUTPUT_FILE_0}\"\n";
			showEnvVarsInLog = 0;
		};
		957EA8CEB439A51015D63A62 /* [CP] Embed Pods Frameworks */ = {
			isa = PBXShellScriptBuildPhase;
			buildActionMask = 2147483647;
			files = (
			);
			inputFileListPaths = (
				"${PODS_ROOT}/Target Support Files/Pods-MacawTest/Pods-MacawTest-frameworks-${CONFIGURATION}-input-files.xcfilelist",
			);
			name = "[CP] Embed Pods Frameworks";
			outputFileListPaths = (
				"${PODS_ROOT}/Target Support Files/Pods-MacawTest/Pods-MacawTest-frameworks-${CONFIGURATION}-output-files.xcfilelist",
			);
			runOnlyForDeploymentPostprocessing = 0;
			shellPath = /bin/sh;
			shellScript = "\"${PODS_ROOT}/Target Support Files/Pods-MacawTest/Pods-MacawTest-frameworks.sh\"\n";
			showEnvVarsInLog = 0;
		};
/* End PBXShellScriptBuildPhase section */

/* Begin PBXSourcesBuildPhase section */
		492A6CBB2C5E278F0062302D /* Sources */ = {
			isa = PBXSourcesBuildPhase;
			buildActionMask = 2147483647;
			files = (
				492A6CC72C5E278F0062302D /* ViewController.swift in Sources */,
				492A6CC32C5E278F0062302D /* AppDelegate.swift in Sources */,
				492A6CC52C5E278F0062302D /* SceneDelegate.swift in Sources */,
				492A6CD72C5E3F250062302D /* SVGView.swift in Sources */,
			);
			runOnlyForDeploymentPostprocessing = 0;
		};
/* End PBXSourcesBuildPhase section */

/* Begin PBXVariantGroup section */
		492A6CC82C5E278F0062302D /* Main.storyboard */ = {
			isa = PBXVariantGroup;
			children = (
				492A6CC92C5E278F0062302D /* Base */,
			);
			name = Main.storyboard;
			sourceTree = "<group>";
		};
		492A6CCD2C5E27930062302D /* LaunchScreen.storyboard */ = {
			isa = PBXVariantGroup;
			children = (
				492A6CCE2C5E27930062302D /* Base */,
			);
			name = LaunchScreen.storyboard;
			sourceTree = "<group>";
		};
/* End PBXVariantGroup section */

/* Begin XCBuildConfiguration section */
		492A6CD12C5E27930062302D /* Debug */ = {
			isa = XCBuildConfiguration;
			buildSettings = {
				ALWAYS_SEARCH_USER_PATHS = NO;
				ASSETCATALOG_COMPILER_GENERATE_SWIFT_ASSET_SYMBOL_EXTENSIONS = YES;
				CLANG_ANALYZER_NONNULL = YES;
				CLANG_ANALYZER_NUMBER_OBJECT_CONVERSION = YES_AGGRESSIVE;
				CLANG_CXX_LANGUAGE_STANDARD = "gnu++20";
				CLANG_ENABLE_MODULES = YES;
				CLANG_ENABLE_OBJC_ARC = YES;
				CLANG_ENABLE_OBJC_WEAK = YES;
				CLANG_WARN_BLOCK_CAPTURE_AUTORELEASING = YES;
				CLANG_WARN_BOOL_CONVERSION = YES;
				CLANG_WARN_COMMA = YES;
				CLANG_WARN_CONSTANT_CONVERSION = YES;
				CLANG_WARN_DEPRECATED_OBJC_IMPLEMENTATIONS = YES;
				CLANG_WARN_DIRECT_OBJC_ISA_USAGE = YES_ERROR;
				CLANG_WARN_DOCUMENTATION_COMMENTS = YES;
				CLANG_WARN_EMPTY_BODY = YES;
				CLANG_WARN_ENUM_CONVERSION = YES;
				CLANG_WARN_INFINITE_RECURSION = YES;
				CLANG_WARN_INT_CONVERSION = YES;
				CLANG_WARN_NON_LITERAL_NULL_CONVERSION = YES;
				CLANG_WARN_OBJC_IMPLICIT_RETAIN_SELF = YES;
				CLANG_WARN_OBJC_LITERAL_CONVERSION = YES;
				CLANG_WARN_OBJC_ROOT_CLASS = YES_ERROR;
				CLANG_WARN_QUOTED_INCLUDE_IN_FRAMEWORK_HEADER = YES;
				CLANG_WARN_RANGE_LOOP_ANALYSIS = YES;
				CLANG_WARN_STRICT_PROTOTYPES = YES;
				CLANG_WARN_SUSPICIOUS_MOVE = YES;
				CLANG_WARN_UNGUARDED_AVAILABILITY = YES_AGGRESSIVE;
				CLANG_WARN_UNREACHABLE_CODE = YES;
				CLANG_WARN__DUPLICATE_METHOD_MATCH = YES;
				COPY_PHASE_STRIP = NO;
				DEBUG_INFORMATION_FORMAT = dwarf;
				ENABLE_STRICT_OBJC_MSGSEND = YES;
				ENABLE_TESTABILITY = YES;
				ENABLE_USER_SCRIPT_SANDBOXING = NO;
				GCC_C_LANGUAGE_STANDARD = gnu17;
				GCC_DYNAMIC_NO_PIC = NO;
				GCC_NO_COMMON_BLOCKS = YES;
				GCC_OPTIMIZATION_LEVEL = 0;
				GCC_PREPROCESSOR_DEFINITIONS = (
					"DEBUG=1",
					"$(inherited)",
				);
				GCC_WARN_64_TO_32_BIT_CONVERSION = YES;
				GCC_WARN_ABOUT_RETURN_TYPE = YES_ERROR;
				GCC_WARN_UNDECLARED_SELECTOR = YES;
				GCC_WARN_UNINITIALIZED_AUTOS = YES_AGGRESSIVE;
				GCC_WARN_UNUSED_FUNCTION = YES;
				GCC_WARN_UNUSED_VARIABLE = YES;
				IPHONEOS_DEPLOYMENT_TARGET = 17.5;
				LOCALIZATION_PREFERS_STRING_CATALOGS = YES;
				MTL_ENABLE_DEBUG_INFO = INCLUDE_SOURCE;
				MTL_FAST_MATH = YES;
				ONLY_ACTIVE_ARCH = YES;
				SDKROOT = iphoneos;
				SWIFT_ACTIVE_COMPILATION_CONDITIONS = "DEBUG $(inherited)";
				SWIFT_OPTIMIZATION_LEVEL = "-Onone";
			};
			name = Debug;
		};
		492A6CD22C5E27930062302D /* Release */ = {
			isa = XCBuildConfiguration;
			buildSettings = {
				ALWAYS_SEARCH_USER_PATHS = NO;
				ASSETCATALOG_COMPILER_GENERATE_SWIFT_ASSET_SYMBOL_EXTENSIONS = YES;
				CLANG_ANALYZER_NONNULL = YES;
				CLANG_ANALYZER_NUMBER_OBJECT_CONVERSION = YES_AGGRESSIVE;
				CLANG_CXX_LANGUAGE_STANDARD = "gnu++20";
				CLANG_ENABLE_MODULES = YES;
				CLANG_ENABLE_OBJC_ARC = YES;
				CLANG_ENABLE_OBJC_WEAK = YES;
				CLANG_WARN_BLOCK_CAPTURE_AUTORELEASING = YES;
				CLANG_WARN_BOOL_CONVERSION = YES;
				CLANG_WARN_COMMA = YES;
				CLANG_WARN_CONSTANT_CONVERSION = YES;
				CLANG_WARN_DEPRECATED_OBJC_IMPLEMENTATIONS = YES;
				CLANG_WARN_DIRECT_OBJC_ISA_USAGE = YES_ERROR;
				CLANG_WARN_DOCUMENTATION_COMMENTS = YES;
				CLANG_WARN_EMPTY_BODY = YES;
				CLANG_WARN_ENUM_CONVERSION = YES;
				CLANG_WARN_INFINITE_RECURSION = YES;
				CLANG_WARN_INT_CONVERSION = YES;
				CLANG_WARN_NON_LITERAL_NULL_CONVERSION = YES;
				CLANG_WARN_OBJC_IMPLICIT_RETAIN_SELF = YES;
				CLANG_WARN_OBJC_LITERAL_CONVERSION = YES;
				CLANG_WARN_OBJC_ROOT_CLASS = YES_ERROR;
				CLANG_WARN_QUOTED_INCLUDE_IN_FRAMEWORK_HEADER = YES;
				CLANG_WARN_RANGE_LOOP_ANALYSIS = YES;
				CLANG_WARN_STRICT_PROTOTYPES = YES;
				CLANG_WARN_SUSPICIOUS_MOVE = YES;
				CLANG_WARN_UNGUARDED_AVAILABILITY = YES_AGGRESSIVE;
				CLANG_WARN_UNREACHABLE_CODE = YES;
				CLANG_WARN__DUPLICATE_METHOD_MATCH = YES;
				COPY_PHASE_STRIP = NO;
				DEBUG_INFORMATION_FORMAT = "dwarf-with-dsym";
				ENABLE_NS_ASSERTIONS = NO;
				ENABLE_STRICT_OBJC_MSGSEND = YES;
				ENABLE_USER_SCRIPT_SANDBOXING = NO;
				GCC_C_LANGUAGE_STANDARD = gnu17;
				GCC_NO_COMMON_BLOCKS = YES;
				GCC_WARN_64_TO_32_BIT_CONVERSION = YES;
				GCC_WARN_ABOUT_RETURN_TYPE = YES_ERROR;
				GCC_WARN_UNDECLARED_SELECTOR = YES;
				GCC_WARN_UNINITIALIZED_AUTOS = YES_AGGRESSIVE;
				GCC_WARN_UNUSED_FUNCTION = YES;
				GCC_WARN_UNUSED_VARIABLE = YES;
				IPHONEOS_DEPLOYMENT_TARGET = 17.5;
				LOCALIZATION_PREFERS_STRING_CATALOGS = YES;
				MTL_ENABLE_DEBUG_INFO = NO;
				MTL_FAST_MATH = YES;
				SDKROOT = iphoneos;
				SWIFT_COMPILATION_MODE = wholemodule;
				VALIDATE_PRODUCT = YES;
			};
			name = Release;
		};
		492A6CD42C5E27930062302D /* Debug */ = {
			isa = XCBuildConfiguration;
			baseConfigurationReference = 6AAB4799D21A502965172A7D /* Pods-MacawTest.debug.xcconfig */;
			buildSettings = {
				ASSETCATALOG_COMPILER_APPICON_NAME = AppIcon;
				ASSETCATALOG_COMPILER_GLOBAL_ACCENT_COLOR_NAME = AccentColor;
				CODE_SIGN_STYLE = Automatic;
				CURRENT_PROJECT_VERSION = 1;
				GENERATE_INFOPLIST_FILE = YES;
				INFOPLIST_FILE = MacawTest/Info.plist;
				INFOPLIST_KEY_UIApplicationSupportsIndirectInputEvents = YES;
				INFOPLIST_KEY_UILaunchStoryboardName = LaunchScreen;
				INFOPLIST_KEY_UIMainStoryboardFile = Main;
				INFOPLIST_KEY_UISupportedInterfaceOrientations_iPad = "UIInterfaceOrientationPortrait UIInterfaceOrientationPortraitUpsideDown UIInterfaceOrientationLandscapeLeft UIInterfaceOrientationLandscapeRight";
				INFOPLIST_KEY_UISupportedInterfaceOrientations_iPhone = "UIInterfaceOrientationPortrait UIInterfaceOrientationLandscapeLeft UIInterfaceOrientationLandscapeRight";
				IPHONEOS_DEPLOYMENT_TARGET = 13.0;
				LD_RUNPATH_SEARCH_PATHS = (
					"$(inherited)",
					"@executable_path/Frameworks",
				);
				MARKETING_VERSION = 1.0;
				PRODUCT_BUNDLE_IDENTIFIER = com.sogou.MacawTest;
				PRODUCT_NAME = "$(TARGET_NAME)";
				SWIFT_EMIT_LOC_STRINGS = YES;
				SWIFT_VERSION = 5.0;
				TARGETED_DEVICE_FAMILY = "1,2";
			};
			name = Debug;
		};
		492A6CD52C5E27930062302D /* Release */ = {
			isa = XCBuildConfiguration;
			baseConfigurationReference = 643537EB2EE61D9F61B0E705 /* Pods-MacawTest.release.xcconfig */;
			buildSettings = {
				ASSETCATALOG_COMPILER_APPICON_NAME = AppIcon;
				ASSETCATALOG_COMPILER_GLOBAL_ACCENT_COLOR_NAME = AccentColor;
				CODE_SIGN_STYLE = Automatic;
				CURRENT_PROJECT_VERSION = 1;
				GENERATE_INFOPLIST_FILE = YES;
				INFOPLIST_FILE = MacawTest/Info.plist;
				INFOPLIST_KEY_UIApplicationSupportsIndirectInputEvents = YES;
				INFOPLIST_KEY_UILaunchStoryboardName = LaunchScreen;
				INFOPLIST_KEY_UIMainStoryboardFile = Main;
				INFOPLIST_KEY_UISupportedInterfaceOrientations_iPad = "UIInterfaceOrientationPortrait UIInterfaceOrientationPortraitUpsideDown UIInterfaceOrientationLandscapeLeft UIInterfaceOrientationLandscapeRight";
				INFOPLIST_KEY_UISupportedInterfaceOrientations_iPhone = "UIInterfaceOrientationPortrait UIInterfaceOrientationLandscapeLeft UIInterfaceOrientationLandscapeRight";
				IPHONEOS_DEPLOYMENT_TARGET = 13.0;
				LD_RUNPATH_SEARCH_PATHS = (
					"$(inherited)",
					"@executable_path/Frameworks",
				);
				MARKETING_VERSION = 1.0;
				PRODUCT_BUNDLE_IDENTIFIER = com.sogou.MacawTest;
				PRODUCT_NAME = "$(TARGET_NAME)";
				SWIFT_EMIT_LOC_STRINGS = YES;
				SWIFT_VERSION = 5.0;
				TARGETED_DEVICE_FAMILY = "1,2";
			};
			name = Release;
		};
/* End XCBuildConfiguration section */

/* Begin XCConfigurationList section */
		492A6CBA2C5E278F0062302D /* Build configuration list for PBXProject "MacawTest" */ = {
			isa = XCConfigurationList;
			buildConfigurations = (
				492A6CD12C5E27930062302D /* Debug */,
				492A6CD22C5E27930062302D /* Release */,
			);
			defaultConfigurationIsVisible = 0;
			defaultConfigurationName = Release;
		};
		492A6CD32C5E27930062302D /* Build configuration list for PBXNativeTarget "MacawTest" */ = {
			isa = XCConfigurationList;
			buildConfigurations = (
				492A6CD42C5E27930062302D /* Debug */,
				492A6CD52C5E27930062302D /* Release */,
			);
			defaultConfigurationIsVisible = 0;
			defaultConfigurationName = Release;
		};
/* End XCConfigurationList section */
	};
	rootObject = 492A6CB72C5E278F0062302D /* Project object */;
}
