// !$*UTF8*$!
{
	archiveVersion = 1;
	classes = {
	};
	objectVersion = 60;
	objects = {

/* Begin PBXBuildFile section */
		490AF85D2C6E4C1A00F70B38 /* AppDelegate.swift in Sources */ = {isa = PBXBuildFile; fileRef = 490AF85C2C6E4C1A00F70B38 /* AppDelegate.swift */; };
		490AF85F2C6E4C1A00F70B38 /* SceneDelegate.swift in Sources */ = {isa = PBXBuildFile; fileRef = 490AF85E2C6E4C1A00F70B38 /* SceneDelegate.swift */; };
		490AF8612C6E4C1A00F70B38 /* ViewController.swift in Sources */ = {isa = PBXBuildFile; fileRef = 490AF8602C6E4C1A00F70B38 /* ViewController.swift */; };
		490AF8642C6E4C1A00F70B38 /* Base in Resources */ = {isa = PBXBuildFile; fileRef = 490AF8632C6E4C1A00F70B38 /* Base */; };
		490AF8662C6E4C1C00F70B38 /* Assets.xcassets in Resources */ = {isa = PBXBuildFile; fileRef = 490AF8652C6E4C1C00F70B38 /* Assets.xcassets */; };
		490AF8692C6E4C1C00F70B38 /* Base in Resources */ = {isa = PBXBuildFile; fileRef = 490AF8682C6E4C1C00F70B38 /* Base */; };
		4979AAF12C8D4EB200BD63E8 /* ComplexModule in Frameworks */ = {isa = PBXBuildFile; productRef = 4979AAF02C8D4EB200BD63E8 /* ComplexModule */; };
		4979AAF32C8D4EB200BD63E8 /* Numerics in Frameworks */ = {isa = PBXBuildFile; productRef = 4979AAF22C8D4EB200BD63E8 /* Numerics */; };
		4979AAF52C8D4EB200BD63E8 /* RealModule in Frameworks */ = {isa = PBXBuildFile; productRef = 4979AAF42C8D4EB200BD63E8 /* RealModule */; };
		4979AAF82C8D4EC400BD63E8 /* Algorithms in Frameworks */ = {isa = PBXBuildFile; productRef = 4979AAF72C8D4EC400BD63E8 /* Algorithms */; };
/* End PBXBuildFile section */

/* Begin PBXFileReference section */
		490AF8592C6E4C1A00F70B38 /* SwiftAlgorithmsTest.app */ = {isa = PBXFileReference; explicitFileType = wrapper.application; includeInIndex = 0; path = SwiftAlgorithmsTest.app; sourceTree = BUILT_PRODUCTS_DIR; };
		490AF85C2C6E4C1A00F70B38 /* AppDelegate.swift */ = {isa = PBXFileReference; lastKnownFileType = sourcecode.swift; path = AppDelegate.swift; sourceTree = "<group>"; };
		490AF85E2C6E4C1A00F70B38 /* SceneDelegate.swift */ = {isa = PBXFileReference; lastKnownFileType = sourcecode.swift; path = SceneDelegate.swift; sourceTree = "<group>"; };
		490AF8602C6E4C1A00F70B38 /* ViewController.swift */ = {isa = PBXFileReference; lastKnownFileType = sourcecode.swift; path = ViewController.swift; sourceTree = "<group>"; };
		490AF8632C6E4C1A00F70B38 /* Base */ = {isa = PBXFileReference; lastKnownFileType = file.storyboard; name = Base; path = Base.lproj/Main.storyboard; sourceTree = "<group>"; };
		490AF8652C6E4C1C00F70B38 /* Assets.xcassets */ = {isa = PBXFileReference; lastKnownFileType = folder.assetcatalog; path = Assets.xcassets; sourceTree = "<group>"; };
		490AF8682C6E4C1C00F70B38 /* Base */ = {isa = PBXFileReference; lastKnownFileType = file.storyboard; name = Base; path = Base.lproj/LaunchScreen.storyboard; sourceTree = "<group>"; };
		490AF86A2C6E4C1C00F70B38 /* Info.plist */ = {isa = PBXFileReference; lastKnownFileType = text.plist.xml; path = Info.plist; sourceTree = "<group>"; };
/* End PBXFileReference section */

/* Begin PBXFrameworksBuildPhase section */
		490AF8562C6E4C1A00F70B38 /* Frameworks */ = {
			isa = PBXFrameworksBuildPhase;
			buildActionMask = 2147483647;
			files = (
				4979AAF82C8D4EC400BD63E8 /* Algorithms in Frameworks */,
				4979AAF32C8D4EB200BD63E8 /* Numerics in Frameworks */,
				4979AAF12C8D4EB200BD63E8 /* ComplexModule in Frameworks */,
				4979AAF52C8D4EB200BD63E8 /* RealModule in Frameworks */,
			);
			runOnlyForDeploymentPostprocessing = 0;
		};
/* End PBXFrameworksBuildPhase section */

/* Begin PBXGroup section */
		4909241B2C6EDC3100F997A3 /* Frameworks */ = {
			isa = PBXGroup;
			children = (
			);
			name = Frameworks;
			sourceTree = "<group>";
		};
		490AF8502C6E4C1A00F70B38 = {
			isa = PBXGroup;
			children = (
				490AF85B2C6E4C1A00F70B38 /* SwiftAlgorithmsTest */,
				490AF85A2C6E4C1A00F70B38 /* Products */,
				4909241B2C6EDC3100F997A3 /* Frameworks */,
			);
			sourceTree = "<group>";
		};
		490AF85A2C6E4C1A00F70B38 /* Products */ = {
			isa = PBXGroup;
			children = (
				490AF8592C6E4C1A00F70B38 /* SwiftAlgorithmsTest.app */,
			);
			name = Products;
			sourceTree = "<group>";
		};
		490AF85B2C6E4C1A00F70B38 /* SwiftAlgorithmsTest */ = {
			isa = PBXGroup;
			children = (
				490AF85C2C6E4C1A00F70B38 /* AppDelegate.swift */,
				490AF85E2C6E4C1A00F70B38 /* SceneDelegate.swift */,
				490AF8602C6E4C1A00F70B38 /* ViewController.swift */,
				490AF8622C6E4C1A00F70B38 /* Main.storyboard */,
				490AF8652C6E4C1C00F70B38 /* Assets.xcassets */,
				490AF8672C6E4C1C00F70B38 /* LaunchScreen.storyboard */,
				490AF86A2C6E4C1C00F70B38 /* Info.plist */,
			);
			path = SwiftAlgorithmsTest;
			sourceTree = "<group>";
		};
/* End PBXGroup section */

/* Begin PBXNativeTarget section */
		490AF8582C6E4C1A00F70B38 /* SwiftAlgorithmsTest */ = {
			isa = PBXNativeTarget;
			buildConfigurationList = 490AF86D2C6E4C1C00F70B38 /* Build configuration list for PBXNativeTarget "SwiftAlgorithmsTest" */;
			buildPhases = (
				490AF8552C6E4C1A00F70B38 /* Sources */,
				490AF8562C6E4C1A00F70B38 /* Frameworks */,
				490AF8572C6E4C1A00F70B38 /* Resources */,
			);
			buildRules = (
			);
			dependencies = (
			);
			name = SwiftAlgorithmsTest;
			packageProductDependencies = (
				4979AAF02C8D4EB200BD63E8 /* ComplexModule */,
				4979AAF22C8D4EB200BD63E8 /* Numerics */,
				4979AAF42C8D4EB200BD63E8 /* RealModule */,
				4979AAF72C8D4EC400BD63E8 /* Algorithms */,
			);
			productName = SwiftAlgorithmsTest;
			productReference = 490AF8592C6E4C1A00F70B38 /* SwiftAlgorithmsTest.app */;
			productType = "com.apple.product-type.application";
		};
/* End PBXNativeTarget section */

/* Begin PBXProject section */
		490AF8512C6E4C1A00F70B38 /* Project object */ = {
			isa = PBXProject;
			attributes = {
				BuildIndependentTargetsInParallel = 1;
				LastSwiftUpdateCheck = 1540;
				LastUpgradeCheck = 1540;
				TargetAttributes = {
					490AF8582C6E4C1A00F70B38 = {
						CreatedOnToolsVersion = 15.4;
					};
				};
			};
			buildConfigurationList = 490AF8542C6E4C1A00F70B38 /* Build configuration list for PBXProject "SwiftAlgorithmsTest" */;
			compatibilityVersion = "Xcode 14.0";
			developmentRegion = en;
			hasScannedForEncodings = 0;
			knownRegions = (
				en,
				Base,
			);
			mainGroup = 490AF8502C6E4C1A00F70B38;
			packageReferences = (
				4979AAEF2C8D4EB200BD63E8 /* XCLocalSwiftPackageReference "SwiftAlgorithmsTest/swift-numerics" */,
				4979AAF62C8D4EC400BD63E8 /* XCLocalSwiftPackageReference "SwiftAlgorithmsTest/swift-algorithms" */,
			);
			productRefGroup = 490AF85A2C6E4C1A00F70B38 /* Products */;
			projectDirPath = "";
			projectRoot = "";
			targets = (
				490AF8582C6E4C1A00F70B38 /* SwiftAlgorithmsTest */,
			);
		};
/* End PBXProject section */

/* Begin PBXResourcesBuildPhase section */
		490AF8572C6E4C1A00F70B38 /* Resources */ = {
			isa = PBXResourcesBuildPhase;
			buildActionMask = 2147483647;
			files = (
				490AF8662C6E4C1C00F70B38 /* Assets.xcassets in Resources */,
				490AF8692C6E4C1C00F70B38 /* Base in Resources */,
				490AF8642C6E4C1A00F70B38 /* Base in Resources */,
			);
			runOnlyForDeploymentPostprocessing = 0;
		};
/* End PBXResourcesBuildPhase section */

/* Begin PBXSourcesBuildPhase section */
		490AF8552C6E4C1A00F70B38 /* Sources */ = {
			isa = PBXSourcesBuildPhase;
			buildActionMask = 2147483647;
			files = (
				490AF8612C6E4C1A00F70B38 /* ViewController.swift in Sources */,
				490AF85D2C6E4C1A00F70B38 /* AppDelegate.swift in Sources */,
				490AF85F2C6E4C1A00F70B38 /* SceneDelegate.swift in Sources */,
			);
			runOnlyForDeploymentPostprocessing = 0;
		};
/* End PBXSourcesBuildPhase section */

/* Begin PBXVariantGroup section */
		490AF8622C6E4C1A00F70B38 /* Main.storyboard */ = {
			isa = PBXVariantGroup;
			children = (
				490AF8632C6E4C1A00F70B38 /* Base */,
			);
			name = Main.storyboard;
			sourceTree = "<group>";
		};
		490AF8672C6E4C1C00F70B38 /* LaunchScreen.storyboard */ = {
			isa = PBXVariantGroup;
			children = (
				490AF8682C6E4C1C00F70B38 /* Base */,
			);
			name = LaunchScreen.storyboard;
			sourceTree = "<group>";
		};
/* End PBXVariantGroup section */

/* Begin XCBuildConfiguration section */
		490AF86B2C6E4C1C00F70B38 /* Debug */ = {
			isa = XCBuildConfiguration;
			buildSettings = {
				ALWAYS_SEARCH_USER_PATHS = NO;
				ASSETCATALOG_COMPILER_GENERATE_SWIFT_ASSET_SYMBOL_EXTENSIONS = YES;
				CLANG_ANALYZER_NONNULL = YES;
				CLANG_ANALYZER_NUMBER_OBJECT_CONVERSION = YES_AGGRESSIVE;
				CLANG_CXX_LANGUAGE_STANDARD = "gnu++20";
				CLANG_ENABLE_MODULES = YES;
				CLANG_ENABLE_OBJC_ARC = YES;
				CLANG_ENABLE_OBJC_WEAK = YES;
				CLANG_WARN_BLOCK_CAPTURE_AUTORELEASING = YES;
				CLANG_WARN_BOOL_CONVERSION = YES;
				CLANG_WARN_COMMA = YES;
				CLANG_WARN_CONSTANT_CONVERSION = YES;
				CLANG_WARN_DEPRECATED_OBJC_IMPLEMENTATIONS = YES;
				CLANG_WARN_DIRECT_OBJC_ISA_USAGE = YES_ERROR;
				CLANG_WARN_DOCUMENTATION_COMMENTS = YES;
				CLANG_WARN_EMPTY_BODY = YES;
				CLANG_WARN_ENUM_CONVERSION = YES;
				CLANG_WARN_INFINITE_RECURSION = YES;
				CLANG_WARN_INT_CONVERSION = YES;
				CLANG_WARN_NON_LITERAL_NULL_CONVERSION = YES;
				CLANG_WARN_OBJC_IMPLICIT_RETAIN_SELF = YES;
				CLANG_WARN_OBJC_LITERAL_CONVERSION = YES;
				CLANG_WARN_OBJC_ROOT_CLASS = YES_ERROR;
				CLANG_WARN_QUOTED_INCLUDE_IN_FRAMEWORK_HEADER = YES;
				CLANG_WARN_RANGE_LOOP_ANALYSIS = YES;
				CLANG_WARN_STRICT_PROTOTYPES = YES;
				CLANG_WARN_SUSPICIOUS_MOVE = YES;
				CLANG_WARN_UNGUARDED_AVAILABILITY = YES_AGGRESSIVE;
				CLANG_WARN_UNREACHABLE_CODE = YES;
				CLANG_WARN__DUPLICATE_METHOD_MATCH = YES;
				COPY_PHASE_STRIP = NO;
				DEBUG_INFORMATION_FORMAT = dwarf;
				ENABLE_STRICT_OBJC_MSGSEND = YES;
				ENABLE_TESTABILITY = YES;
				ENABLE_USER_SCRIPT_SANDBOXING = YES;
				GCC_C_LANGUAGE_STANDARD = gnu17;
				GCC_DYNAMIC_NO_PIC = NO;
				GCC_NO_COMMON_BLOCKS = YES;
				GCC_OPTIMIZATION_LEVEL = 0;
				GCC_PREPROCESSOR_DEFINITIONS = (
					"DEBUG=1",
					"$(inherited)",
				);
				GCC_WARN_64_TO_32_BIT_CONVERSION = YES;
				GCC_WARN_ABOUT_RETURN_TYPE = YES_ERROR;
				GCC_WARN_UNDECLARED_SELECTOR = YES;
				GCC_WARN_UNINITIALIZED_AUTOS = YES_AGGRESSIVE;
				GCC_WARN_UNUSED_FUNCTION = YES;
				GCC_WARN_UNUSED_VARIABLE = YES;
				IPHONEOS_DEPLOYMENT_TARGET = 13.0;
				LOCALIZATION_PREFERS_STRING_CATALOGS = YES;
				MTL_ENABLE_DEBUG_INFO = INCLUDE_SOURCE;
				MTL_FAST_MATH = YES;
				ONLY_ACTIVE_ARCH = YES;
				SDKROOT = iphoneos;
				SWIFT_ACTIVE_COMPILATION_CONDITIONS = "DEBUG $(inherited)";
				SWIFT_OPTIMIZATION_LEVEL = "-Onone";
			};
			name = Debug;
		};
		490AF86C2C6E4C1C00F70B38 /* Release */ = {
			isa = XCBuildConfiguration;
			buildSettings = {
				ALWAYS_SEARCH_USER_PATHS = NO;
				ASSETCATALOG_COMPILER_GENERATE_SWIFT_ASSET_SYMBOL_EXTENSIONS = YES;
				CLANG_ANALYZER_NONNULL = YES;
				CLANG_ANALYZER_NUMBER_OBJECT_CONVERSION = YES_AGGRESSIVE;
				CLANG_CXX_LANGUAGE_STANDARD = "gnu++20";
				CLANG_ENABLE_MODULES = YES;
				CLANG_ENABLE_OBJC_ARC = YES;
				CLANG_ENABLE_OBJC_WEAK = YES;
				CLANG_WARN_BLOCK_CAPTURE_AUTORELEASING = YES;
				CLANG_WARN_BOOL_CONVERSION = YES;
				CLANG_WARN_COMMA = YES;
				CLANG_WARN_CONSTANT_CONVERSION = YES;
				CLANG_WARN_DEPRECATED_OBJC_IMPLEMENTATIONS = YES;
				CLANG_WARN_DIRECT_OBJC_ISA_USAGE = YES_ERROR;
				CLANG_WARN_DOCUMENTATION_COMMENTS = YES;
				CLANG_WARN_EMPTY_BODY = YES;
				CLANG_WARN_ENUM_CONVERSION = YES;
				CLANG_WARN_INFINITE_RECURSION = YES;
				CLANG_WARN_INT_CONVERSION = YES;
				CLANG_WARN_NON_LITERAL_NULL_CONVERSION = YES;
				CLANG_WARN_OBJC_IMPLICIT_RETAIN_SELF = YES;
				CLANG_WARN_OBJC_LITERAL_CONVERSION = YES;
				CLANG_WARN_OBJC_ROOT_CLASS = YES_ERROR;
				CLANG_WARN_QUOTED_INCLUDE_IN_FRAMEWORK_HEADER = YES;
				CLANG_WARN_RANGE_LOOP_ANALYSIS = YES;
				CLANG_WARN_STRICT_PROTOTYPES = YES;
				CLANG_WARN_SUSPICIOUS_MOVE = YES;
				CLANG_WARN_UNGUARDED_AVAILABILITY = YES_AGGRESSIVE;
				CLANG_WARN_UNREACHABLE_CODE = YES;
				CLANG_WARN__DUPLICATE_METHOD_MATCH = YES;
				COPY_PHASE_STRIP = NO;
				DEBUG_INFORMATION_FORMAT = "dwarf-with-dsym";
				ENABLE_NS_ASSERTIONS = NO;
				ENABLE_STRICT_OBJC_MSGSEND = YES;
				ENABLE_USER_SCRIPT_SANDBOXING = YES;
				GCC_C_LANGUAGE_STANDARD = gnu17;
				GCC_NO_COMMON_BLOCKS = YES;
				GCC_WARN_64_TO_32_BIT_CONVERSION = YES;
				GCC_WARN_ABOUT_RETURN_TYPE = YES_ERROR;
				GCC_WARN_UNDECLARED_SELECTOR = YES;
				GCC_WARN_UNINITIALIZED_AUTOS = YES_AGGRESSIVE;
				GCC_WARN_UNUSED_FUNCTION = YES;
				GCC_WARN_UNUSED_VARIABLE = YES;
				IPHONEOS_DEPLOYMENT_TARGET = 13.0;
				LOCALIZATION_PREFERS_STRING_CATALOGS = YES;
				MTL_ENABLE_DEBUG_INFO = NO;
				MTL_FAST_MATH = YES;
				SDKROOT = iphoneos;
				SWIFT_COMPILATION_MODE = wholemodule;
				VALIDATE_PRODUCT = YES;
			};
			name = Release;
		};
		490AF86E2C6E4C1C00F70B38 /* Debug */ = {
			isa = XCBuildConfiguration;
			buildSettings = {
				ASSETCATALOG_COMPILER_APPICON_NAME = AppIcon;
				ASSETCATALOG_COMPILER_GLOBAL_ACCENT_COLOR_NAME = AccentColor;
				CODE_SIGN_STYLE = Automatic;
				CURRENT_PROJECT_VERSION = 1;
				DEVELOPMENT_TEAM = H7X4U3U235;
				GENERATE_INFOPLIST_FILE = YES;
				INFOPLIST_FILE = SwiftAlgorithmsTest/Info.plist;
				INFOPLIST_KEY_UIApplicationSupportsIndirectInputEvents = YES;
				INFOPLIST_KEY_UILaunchStoryboardName = LaunchScreen;
				INFOPLIST_KEY_UIMainStoryboardFile = Main;
				INFOPLIST_KEY_UISupportedInterfaceOrientations_iPad = "UIInterfaceOrientationPortrait UIInterfaceOrientationPortraitUpsideDown UIInterfaceOrientationLandscapeLeft UIInterfaceOrientationLandscapeRight";
				INFOPLIST_KEY_UISupportedInterfaceOrientations_iPhone = "UIInterfaceOrientationPortrait UIInterfaceOrientationLandscapeLeft UIInterfaceOrientationLandscapeRight";
				IPHONEOS_DEPLOYMENT_TARGET = 13.0;
				LD_RUNPATH_SEARCH_PATHS = (
					"$(inherited)",
					"@executable_path/Frameworks",
				);
				MARKETING_VERSION = 1.0;
				PRODUCT_BUNDLE_IDENTIFIER = com.sogou.SwiftAlgorithmsTest;
				PRODUCT_NAME = "$(TARGET_NAME)";
				SWIFT_EMIT_LOC_STRINGS = YES;
				SWIFT_VERSION = 5.0;
				TARGETED_DEVICE_FAMILY = "1,2";
			};
			name = Debug;
		};
		490AF86F2C6E4C1C00F70B38 /* Release */ = {
			isa = XCBuildConfiguration;
			buildSettings = {
				ASSETCATALOG_COMPILER_APPICON_NAME = AppIcon;
				ASSETCATALOG_COMPILER_GLOBAL_ACCENT_COLOR_NAME = AccentColor;
				CODE_SIGN_STYLE = Automatic;
				CURRENT_PROJECT_VERSION = 1;
				DEVELOPMENT_TEAM = H7X4U3U235;
				GENERATE_INFOPLIST_FILE = YES;
				INFOPLIST_FILE = SwiftAlgorithmsTest/Info.plist;
				INFOPLIST_KEY_UIApplicationSupportsIndirectInputEvents = YES;
				INFOPLIST_KEY_UILaunchStoryboardName = LaunchScreen;
				INFOPLIST_KEY_UIMainStoryboardFile = Main;
				INFOPLIST_KEY_UISupportedInterfaceOrientations_iPad = "UIInterfaceOrientationPortrait UIInterfaceOrientationPortraitUpsideDown UIInterfaceOrientationLandscapeLeft UIInterfaceOrientationLandscapeRight";
				INFOPLIST_KEY_UISupportedInterfaceOrientations_iPhone = "UIInterfaceOrientationPortrait UIInterfaceOrientationLandscapeLeft UIInterfaceOrientationLandscapeRight";
				IPHONEOS_DEPLOYMENT_TARGET = 13.0;
				LD_RUNPATH_SEARCH_PATHS = (
					"$(inherited)",
					"@executable_path/Frameworks",
				);
				MARKETING_VERSION = 1.0;
				PRODUCT_BUNDLE_IDENTIFIER = com.sogou.SwiftAlgorithmsTest;
				PRODUCT_NAME = "$(TARGET_NAME)";
				SWIFT_EMIT_LOC_STRINGS = YES;
				SWIFT_VERSION = 5.0;
				TARGETED_DEVICE_FAMILY = "1,2";
			};
			name = Release;
		};
/* End XCBuildConfiguration section */

/* Begin XCConfigurationList section */
		490AF8542C6E4C1A00F70B38 /* Build configuration list for PBXProject "SwiftAlgorithmsTest" */ = {
			isa = XCConfigurationList;
			buildConfigurations = (
				490AF86B2C6E4C1C00F70B38 /* Debug */,
				490AF86C2C6E4C1C00F70B38 /* Release */,
			);
			defaultConfigurationIsVisible = 0;
			defaultConfigurationName = Release;
		};
		490AF86D2C6E4C1C00F70B38 /* Build configuration list for PBXNativeTarget "SwiftAlgorithmsTest" */ = {
			isa = XCConfigurationList;
			buildConfigurations = (
				490AF86E2C6E4C1C00F70B38 /* Debug */,
				490AF86F2C6E4C1C00F70B38 /* Release */,
			);
			defaultConfigurationIsVisible = 0;
			defaultConfigurationName = Release;
		};
/* End XCConfigurationList section */

/* Begin XCLocalSwiftPackageReference section */
		4979AAEF2C8D4EB200BD63E8 /* XCLocalSwiftPackageReference "SwiftAlgorithmsTest/swift-numerics" */ = {
			isa = XCLocalSwiftPackageReference;
			relativePath = "SwiftAlgorithmsTest/swift-numerics";
		};
		4979AAF62C8D4EC400BD63E8 /* XCLocalSwiftPackageReference "SwiftAlgorithmsTest/swift-algorithms" */ = {
			isa = XCLocalSwiftPackageReference;
			relativePath = "SwiftAlgorithmsTest/swift-algorithms";
		};
/* End XCLocalSwiftPackageReference section */

/* Begin XCSwiftPackageProductDependency section */
		4979AAF02C8D4EB200BD63E8 /* ComplexModule */ = {
			isa = XCSwiftPackageProductDependency;
			productName = ComplexModule;
		};
		4979AAF22C8D4EB200BD63E8 /* Numerics */ = {
			isa = XCSwiftPackageProductDependency;
			productName = Numerics;
		};
		4979AAF42C8D4EB200BD63E8 /* RealModule */ = {
			isa = XCSwiftPackageProductDependency;
			productName = RealModule;
		};
		4979AAF72C8D4EC400BD63E8 /* Algorithms */ = {
			isa = XCSwiftPackageProductDependency;
			productName = Algorithms;
		};
/* End XCSwiftPackageProductDependency section */
	};
	rootObject = 490AF8512C6E4C1A00F70B38 /* Project object */;
}
